
Microsoft Visual Studio Solution File, Format Version 12.00
# Visual Studio Version 16
VisualStudioVersion = 16.0.30225.117
MinimumVisualStudioVersion = 10.0.40219.1
Project("{9A19103F-16F7-4668-BE54-9A1E7A4F7556}") = "balsa", "balsa\balsa.csproj", "{5E15F355-44AC-4FAE-AE95-D641111C9D50}"
EndProject
Project("{FAE04EC0-301F-11D3-BF4B-00C04F79EFBC}") = "Tests", "Tests\Tests.csproj", "{1B2B30B8-D553-4705-B929-6752A0103620}"
EndProject
Global
	GlobalSection(SolutionConfigurationPlatforms) = preSolution
		Debug|Any CPU = Debug|Any CPU
		Release|Any CPU = Release|Any CPU
	EndGlobalSection
	GlobalSection(ProjectConfigurationPlatforms) = postSolution
		{5E15F355-44AC-4FAE-AE95-D641111C9D50}.Debug|Any CPU.ActiveCfg = Debug|Any CPU
		{5E15F355-44AC-4FAE-AE95-D641111C9D50}.Debug|Any CPU.Build.0 = Debug|Any CPU
		{5E15F355-44AC-4FAE-AE95-D641111C9D50}.Release|Any CPU.ActiveCfg = Release|Any CPU
		{5E15F355-44AC-4FAE-AE95-D641111C9D50}.Release|Any CPU.Build.0 = Release|Any CPU
		{1B2B30B8-D553-4705-B929-6752A0103620}.Debug|Any CPU.ActiveCfg = Debug|Any CPU
		{1B2B30B8-D553-4705-B929-6752A0103620}.Debug|Any CPU.Build.0 = Debug|Any CPU
		{1B2B30B8-D553-4705-B929-6752A0103620}.Release|Any CPU.ActiveCfg = Release|Any CPU
		{1B2B30B8-D553-4705-B929-6752A0103620}.Release|Any CPU.Build.0 = Release|Any CPU
	EndGlobalSection
	GlobalSection(SolutionProperties) = preSolution
		HideSolutionNode = FALSE
	EndGlobalSection
	GlobalSection(ExtensibilityGlobals) = postSolution
		SolutionGuid = {F3157A8C-FAF8-425E-889C-A7E56F2822C5}
	EndGlobalSection
EndGlobal
